
Microsoft Visual Studio Solution File, Format Version 12.00
# Visual Studio Version 17
VisualStudioVersion = 17.1.32414.318
MinimumVisualStudioVersion = 10.0.40219.1
Project("{FAE04EC0-301F-11D3-BF4B-00C04F79EFBC}") = "Ch9Demo", "Ch9Demo\Ch9Demo.csproj", "{A45EF3A7-DFE7-4099-AE8A-536D0971F3B3}"
EndProject
Global
	GlobalSection(SolutionConfigurationPlatforms) = preSolution
		Debug|Any CPU = Debug|Any CPU
		Release|Any CPU = Release|Any CPU
	EndGlobalSection
	GlobalSection(ProjectConfigurationPlatforms) = postSolution
		{A45EF3A7-DFE7-4099-AE8A-536D0971F3B3}.Debug|Any CPU.ActiveCfg = Debug|Any CPU
		{A45EF3A7-DFE7-4099-AE8A-536D0971F3B3}.Debug|Any CPU.Build.0 = Debug|Any CPU
		{A45EF3A7-DFE7-4099-AE8A-536D0971F3B3}.Release|Any CPU.ActiveCfg = Release|Any CPU
		{A45EF3A7-DFE7-4099-AE8A-536D0971F3B3}.Release|Any CPU.Build.0 = Release|Any CPU
	EndGlobalSection
	GlobalSection(SolutionProperties) = preSolution
		HideSolutionNode = FALSE
	EndGlobalSection
	GlobalSection(ExtensibilityGlobals) = postSolution
		SolutionGuid = {47243D78-12C2-42C3-B197-0385BE11CC62}
	EndGlobalSection
EndGlobal
